
Microsoft Visual Studio Solution File, Format Version 12.00
# Visual Studio 15
VisualStudioVersion = 15.0.28307.645
MinimumVisualStudioVersion = 10.0.40219.1
Project("{FAE04EC0-301F-11D3-BF4B-00C04F79EFBC}") = "ImageCloud13.Android", "ImageCloud13\ImageCloud13.Android\ImageCloud13.Android.csproj", "{88834026-7A26-4908-87B2-2D2EC8D7A093}"
EndProject
Project("{FAE04EC0-301F-11D3-BF4B-00C04F79EFBC}") = "ImageCloud13.iOS", "ImageCloud13\ImageCloud13.iOS\ImageCloud13.iOS.csproj", "{F8EECEFD-EF31-46EA-A085-7C1010340248}"
EndProject
Project("{FAE04EC0-301F-11D3-BF4B-00C04F79EFBC}") = "ImageCloud13", "ImageCloud13\ImageCloud13\ImageCloud13.csproj", "{F3A43C8F-3C38-4D1C-B6AB-E7CFA80D8439}"
EndProject
Global
	GlobalSection(SolutionConfigurationPlatforms) = preSolution
		Ad-Hoc|Any CPU = Ad-Hoc|Any CPU
		Ad-Hoc|iPhone = Ad-Hoc|iPhone
		Ad-Hoc|iPhoneSimulator = Ad-Hoc|iPhoneSimulator
		AppStore|Any CPU = AppStore|Any CPU
		AppStore|iPhone = AppStore|iPhone
		AppStore|iPhoneSimulator = AppStore|iPhoneSimulator
		Debug|Any CPU = Debug|Any CPU
		Debug|iPhone = Debug|iPhone
		Debug|iPhoneSimulator = Debug|iPhoneSimulator
		Release|Any CPU = Release|Any CPU
		Release|iPhone = Release|iPhone
		Release|iPhoneSimulator = Release|iPhoneSimulator
	EndGlobalSection
	GlobalSection(ProjectConfigurationPlatforms) = postSolution
		{88834026-7A26-4908-87B2-2D2EC8D7A093}.Ad-Hoc|Any CPU.ActiveCfg = Release|Any CPU
		{88834026-7A26-4908-87B2-2D2EC8D7A093}.Ad-Hoc|Any CPU.Build.0 = Release|Any CPU
		{88834026-7A26-4908-87B2-2D2EC8D7A093}.Ad-Hoc|Any CPU.Deploy.0 = Release|Any CPU
		{88834026-7A26-4908-87B2-2D2EC8D7A093}.Ad-Hoc|iPhone.ActiveCfg = Release|Any CPU
		{88834026-7A26-4908-87B2-2D2EC8D7A093}.Ad-Hoc|iPhone.Build.0 = Release|Any CPU
		{88834026-7A26-4908-87B2-2D2EC8D7A093}.Ad-Hoc|iPhone.Deploy.0 = Release|Any CPU
		{88834026-7A26-4908-87B2-2D2EC8D7A093}.Ad-Hoc|iPhoneSimulator.ActiveCfg = Release|Any CPU
		{88834026-7A26-4908-87B2-2D2EC8D7A093}.Ad-Hoc|iPhoneSimulator.Build.0 = Release|Any CPU
		{88834026-7A26-4908-87B2-2D2EC8D7A093}.Ad-Hoc|iPhoneSimulator.Deploy.0 = Release|Any CPU
		{88834026-7A26-4908-87B2-2D2EC8D7A093}.AppStore|Any CPU.ActiveCfg = Release|Any CPU
		{88834026-7A26-4908-87B2-2D2EC8D7A093}.AppStore|Any CPU.Build.0 = Release|Any CPU
		{88834026-7A26-4908-87B2-2D2EC8D7A093}.AppStore|Any CPU.Deploy.0 = Release|Any CPU
		{88834026-7A26-4908-87B2-2D2EC8D7A093}.AppStore|iPhone.ActiveCfg = Release|Any CPU
		{88834026-7A26-4908-87B2-2D2EC8D7A093}.AppStore|iPhone.Build.0 = Release|Any CPU
		{88834026-7A26-4908-87B2-2D2EC8D7A093}.AppStore|iPhone.Deploy.0 = Release|Any CPU
		{88834026-7A26-4908-87B2-2D2EC8D7A093}.AppStore|iPhoneSimulator.ActiveCfg = Release|Any CPU
		{88834026-7A26-4908-87B2-2D2EC8D7A093}.AppStore|iPhoneSimulator.Build.0 = Release|Any CPU
		{88834026-7A26-4908-87B2-2D2EC8D7A093}.AppStore|iPhoneSimulator.Deploy.0 = Release|Any CPU
		{88834026-7A26-4908-87B2-2D2EC8D7A093}.Debug|Any CPU.ActiveCfg = Debug|Any CPU
		{88834026-7A26-4908-87B2-2D2EC8D7A093}.Debug|Any CPU.Build.0 = Debug|Any CPU
		{88834026-7A26-4908-87B2-2D2EC8D7A093}.Debug|Any CPU.Deploy.0 = Debug|Any CPU
		{88834026-7A26-4908-87B2-2D2EC8D7A093}.Debug|iPhone.ActiveCfg = Debug|Any CPU
		{88834026-7A26-4908-87B2-2D2EC8D7A093}.Debug|iPhone.Build.0 = Debug|Any CPU
		{88834026-7A26-4908-87B2-2D2EC8D7A093}.Debug|iPhone.Deploy.0 = Debug|Any CPU
		{88834026-7A26-4908-87B2-2D2EC8D7A093}.Debug|iPhoneSimulator.ActiveCfg = Debug|Any CPU
		{88834026-7A26-4908-87B2-2D2EC8D7A093}.Debug|iPhoneSimulator.Build.0 = Debug|Any CPU
		{88834026-7A26-4908-87B2-2D2EC8D7A093}.Debug|iPhoneSimulator.Deploy.0 = Debug|Any CPU
		{88834026-7A26-4908-87B2-2D2EC8D7A093}.Release|Any CPU.ActiveCfg = Release|Any CPU
		{88834026-7A26-4908-87B2-2D2EC8D7A093}.Release|Any CPU.Build.0 = Release|Any CPU
		{88834026-7A26-4908-87B2-2D2EC8D7A093}.Release|Any CPU.Deploy.0 = Release|Any CPU
		{88834026-7A26-4908-87B2-2D2EC8D7A093}.Release|iPhone.ActiveCfg = Release|Any CPU
		{88834026-7A26-4908-87B2-2D2EC8D7A093}.Release|iPhone.Build.0 = Release|Any CPU
		{88834026-7A26-4908-87B2-2D2EC8D7A093}.Release|iPhone.Deploy.0 = Release|Any CPU
		{88834026-7A26-4908-87B2-2D2EC8D7A093}.Release|iPhoneSimulator.ActiveCfg = Release|Any CPU
		{88834026-7A26-4908-87B2-2D2EC8D7A093}.Release|iPhoneSimulator.Build.0 = Release|Any CPU
		{88834026-7A26-4908-87B2-2D2EC8D7A093}.Release|iPhoneSimulator.Deploy.0 = Release|Any CPU
		{F8EECEFD-EF31-46EA-A085-7C1010340248}.Ad-Hoc|Any CPU.ActiveCfg = Ad-Hoc|iPhone
		{F8EECEFD-EF31-46EA-A085-7C1010340248}.Ad-Hoc|Any CPU.Build.0 = Ad-Hoc|iPhone
		{F8EECEFD-EF31-46EA-A085-7C1010340248}.Ad-Hoc|Any CPU.Deploy.0 = Ad-Hoc|iPhone
		{F8EECEFD-EF31-46EA-A085-7C1010340248}.Ad-Hoc|iPhone.ActiveCfg = Ad-Hoc|iPhone
		{F8EECEFD-EF31-46EA-A085-7C1010340248}.Ad-Hoc|iPhone.Build.0 = Ad-Hoc|iPhone
		{F8EECEFD-EF31-46EA-A085-7C1010340248}.Ad-Hoc|iPhone.Deploy.0 = Ad-Hoc|iPhone
		{F8EECEFD-EF31-46EA-A085-7C1010340248}.Ad-Hoc|iPhoneSimulator.ActiveCfg = Ad-Hoc|iPhoneSimulator
		{F8EECEFD-EF31-46EA-A085-7C1010340248}.Ad-Hoc|iPhoneSimulator.Build.0 = Ad-Hoc|iPhoneSimulator
		{F8EECEFD-EF31-46EA-A085-7C1010340248}.Ad-Hoc|iPhoneSimulator.Deploy.0 = Ad-Hoc|iPhoneSimulator
		{F8EECEFD-EF31-46EA-A085-7C1010340248}.AppStore|Any CPU.ActiveCfg = AppStore|iPhone
		{F8EECEFD-EF31-46EA-A085-7C1010340248}.AppStore|Any CPU.Build.0 = AppStore|iPhone
		{F8EECEFD-EF31-46EA-A085-7C1010340248}.AppStore|Any CPU.Deploy.0 = AppStore|iPhone
		{F8EECEFD-EF31-46EA-A085-7C1010340248}.AppStore|iPhone.ActiveCfg = AppStore|iPhone
		{F8EECEFD-EF31-46EA-A085-7C1010340248}.AppStore|iPhone.Build.0 = AppStore|iPhone
		{F8EECEFD-EF31-46EA-A085-7C1010340248}.AppStore|iPhone.Deploy.0 = AppStore|iPhone
		{F8EECEFD-EF31-46EA-A085-7C1010340248}.AppStore|iPhoneSimulator.ActiveCfg = AppStore|iPhoneSimulator
		{F8EECEFD-EF31-46EA-A085-7C1010340248}.AppStore|iPhoneSimulator.Build.0 = AppStore|iPhoneSimulator
		{F8EECEFD-EF31-46EA-A085-7C1010340248}.AppStore|iPhoneSimulator.Deploy.0 = AppStore|iPhoneSimulator
		{F8EECEFD-EF31-46EA-A085-7C1010340248}.Debug|Any CPU.ActiveCfg = Debug|iPhoneSimulator
		{F8EECEFD-EF31-46EA-A085-7C1010340248}.Debug|Any CPU.Build.0 = Debug|iPhoneSimulator
		{F8EECEFD-EF31-46EA-A085-7C1010340248}.Debug|Any CPU.Deploy.0 = Debug|iPhoneSimulator
		{F8EECEFD-EF31-46EA-A085-7C1010340248}.Debug|iPhone.ActiveCfg = Debug|iPhone
		{F8EECEFD-EF31-46EA-A085-7C1010340248}.Debug|iPhone.Build.0 = Debug|iPhone
		{F8EECEFD-EF31-46EA-A085-7C1010340248}.Debug|iPhone.Deploy.0 = Debug|iPhone
		{F8EECEFD-EF31-46EA-A085-7C1010340248}.Debug|iPhoneSimulator.ActiveCfg = Debug|iPhoneSimulator
		{F8EECEFD-EF31-46EA-A085-7C1010340248}.Debug|iPhoneSimulator.Build.0 = Debug|iPhoneSimulator
		{F8EECEFD-EF31-46EA-A085-7C1010340248}.Debug|iPhoneSimulator.Deploy.0 = Debug|iPhoneSimulator
		{F8EECEFD-EF31-46EA-A085-7C1010340248}.Release|Any CPU.ActiveCfg = Release|iPhone
		{F8EECEFD-EF31-46EA-A085-7C1010340248}.Release|Any CPU.Build.0 = Release|iPhone
		{F8EECEFD-EF31-46EA-A085-7C1010340248}.Release|Any CPU.Deploy.0 = Release|iPhone
		{F8EECEFD-EF31-46EA-A085-7C1010340248}.Release|iPhone.ActiveCfg = Release|iPhone
		{F8EECEFD-EF31-46EA-A085-7C1010340248}.Release|iPhone.Build.0 = Release|iPhone
		{F8EECEFD-EF31-46EA-A085-7C1010340248}.Release|iPhone.Deploy.0 = Release|iPhone
		{F8EECEFD-EF31-46EA-A085-7C1010340248}.Release|iPhoneSimulator.ActiveCfg = Release|iPhoneSimulator
		{F8EECEFD-EF31-46EA-A085-7C1010340248}.Release|iPhoneSimulator.Build.0 = Release|iPhoneSimulator
		{F8EECEFD-EF31-46EA-A085-7C1010340248}.Release|iPhoneSimulator.Deploy.0 = Release|iPhoneSimulator
		{F3A43C8F-3C38-4D1C-B6AB-E7CFA80D8439}.Ad-Hoc|Any CPU.ActiveCfg = Debug|Any CPU
		{F3A43C8F-3C38-4D1C-B6AB-E7CFA80D8439}.Ad-Hoc|Any CPU.Build.0 = Debug|Any CPU
		{F3A43C8F-3C38-4D1C-B6AB-E7CFA80D8439}.Ad-Hoc|Any CPU.Deploy.0 = Debug|Any CPU
		{F3A43C8F-3C38-4D1C-B6AB-E7CFA80D8439}.Ad-Hoc|iPhone.ActiveCfg = Debug|Any CPU
		{F3A43C8F-3C38-4D1C-B6AB-E7CFA80D8439}.Ad-Hoc|iPhone.Build.0 = Debug|Any CPU
		{F3A43C8F-3C38-4D1C-B6AB-E7CFA80D8439}.Ad-Hoc|iPhone.Deploy.0 = Debug|Any CPU
		{F3A43C8F-3C38-4D1C-B6AB-E7CFA80D8439}.Ad-Hoc|iPhoneSimulator.ActiveCfg = Debug|Any CPU
		{F3A43C8F-3C38-4D1C-B6AB-E7CFA80D8439}.Ad-Hoc|iPhoneSimulator.Build.0 = Debug|Any CPU
		{F3A43C8F-3C38-4D1C-B6AB-E7CFA80D8439}.Ad-Hoc|iPhoneSimulator.Deploy.0 = Debug|Any CPU
		{F3A43C8F-3C38-4D1C-B6AB-E7CFA80D8439}.AppStore|Any CPU.ActiveCfg = Debug|Any CPU
		{F3A43C8F-3C38-4D1C-B6AB-E7CFA80D8439}.AppStore|Any CPU.Build.0 = Debug|Any CPU
		{F3A43C8F-3C38-4D1C-B6AB-E7CFA80D8439}.AppStore|Any CPU.Deploy.0 = Debug|Any CPU
		{F3A43C8F-3C38-4D1C-B6AB-E7CFA80D8439}.AppStore|iPhone.ActiveCfg = Debug|Any CPU
		{F3A43C8F-3C38-4D1C-B6AB-E7CFA80D8439}.AppStore|iPhone.Build.0 = Debug|Any CPU
		{F3A43C8F-3C38-4D1C-B6AB-E7CFA80D8439}.AppStore|iPhone.Deploy.0 = Debug|Any CPU
		{F3A43C8F-3C38-4D1C-B6AB-E7CFA80D8439}.AppStore|iPhoneSimulator.ActiveCfg = Debug|Any CPU
		{F3A43C8F-3C38-4D1C-B6AB-E7CFA80D8439}.AppStore|iPhoneSimulator.Build.0 = Debug|Any CPU
		{F3A43C8F-3C38-4D1C-B6AB-E7CFA80D8439}.AppStore|iPhoneSimulator.Deploy.0 = Debug|Any CPU
		{F3A43C8F-3C38-4D1C-B6AB-E7CFA80D8439}.Debug|Any CPU.ActiveCfg = Debug|Any CPU
		{F3A43C8F-3C38-4D1C-B6AB-E7CFA80D8439}.Debug|Any CPU.Build.0 = Debug|Any CPU
		{F3A43C8F-3C38-4D1C-B6AB-E7CFA80D8439}.Debug|Any CPU.Deploy.0 = Debug|Any CPU
		{F3A43C8F-3C38-4D1C-B6AB-E7CFA80D8439}.Debug|iPhone.ActiveCfg = Debug|Any CPU
		{F3A43C8F-3C38-4D1C-B6AB-E7CFA80D8439}.Debug|iPhone.Build.0 = Debug|Any CPU
		{F3A43C8F-3C38-4D1C-B6AB-E7CFA80D8439}.Debug|iPhone.Deploy.0 = Debug|Any CPU
		{F3A43C8F-3C38-4D1C-B6AB-E7CFA80D8439}.Debug|iPhoneSimulator.ActiveCfg = Debug|Any CPU
		{F3A43C8F-3C38-4D1C-B6AB-E7CFA80D8439}.Debug|iPhoneSimulator.Build.0 = Debug|Any CPU
		{F3A43C8F-3C38-4D1C-B6AB-E7CFA80D8439}.Debug|iPhoneSimulator.Deploy.0 = Debug|Any CPU
		{F3A43C8F-3C38-4D1C-B6AB-E7CFA80D8439}.Release|Any CPU.ActiveCfg = Release|Any CPU
		{F3A43C8F-3C38-4D1C-B6AB-E7CFA80D8439}.Release|Any CPU.Build.0 = Release|Any CPU
		{F3A43C8F-3C38-4D1C-B6AB-E7CFA80D8439}.Release|Any CPU.Deploy.0 = Release|Any CPU
		{F3A43C8F-3C38-4D1C-B6AB-E7CFA80D8439}.Release|iPhone.ActiveCfg = Release|Any CPU
		{F3A43C8F-3C38-4D1C-B6AB-E7CFA80D8439}.Release|iPhone.Build.0 = Release|Any CPU
		{F3A43C8F-3C38-4D1C-B6AB-E7CFA80D8439}.Release|iPhone.Deploy.0 = Release|Any CPU
		{F3A43C8F-3C38-4D1C-B6AB-E7CFA80D8439}.Release|iPhoneSimulator.ActiveCfg = Release|Any CPU
		{F3A43C8F-3C38-4D1C-B6AB-E7CFA80D8439}.Release|iPhoneSimulator.Build.0 = Release|Any CPU
		{F3A43C8F-3C38-4D1C-B6AB-E7CFA80D8439}.Release|iPhoneSimulator.Deploy.0 = Release|Any CPU
	EndGlobalSection
	GlobalSection(SolutionProperties) = preSolution
		HideSolutionNode = FALSE
	EndGlobalSection
	GlobalSection(ExtensibilityGlobals) = postSolution
		SolutionGuid = {22A97240-5B16-4032-958D-D81847215602}
	EndGlobalSection
EndGlobal
